<?xml version="1.0" encoding="utf-8"?>
<Project ToolsVersion="4.0" xmlns="http://schemas.microsoft.com/developer/msbuild/2003">
  <ItemGroup>
    <Filter Include="소스 파일">
      <UniqueIdentifier>{4FC737F1-C7A5-4376-A066-2A32D752A2FF}</UniqueIdentifier>
      <Extensions>cpp;c;cc;cxx;c++;cppm;ixx;def;odl;idl;hpj;bat;asm;asmx</Extensions>
    </Filter>
    <Filter Include="헤더 파일">
      <UniqueIdentifier>{93995380-89BD-4b04-88EB-625FBE52EBFB}</UniqueIdentifier>
      <Extensions>h;hh;hpp;hxx;h++;hm;inl;inc;ipp;xsd</Extensions>
    </Filter>
    <Filter Include="리소스 파일">
      <UniqueIdentifier>{67DA6AB6-F800-4c08-8B7A-83BB121AAD01}</UniqueIdentifier>
      <Extensions>rc;ico;cur;bmp;dlg;rc2;rct;bin;rgs;gif;jpg;jpeg;jpe;resx;tiff;tif;png;wav;mfcribbon-ms</Extensions>
    </Filter>
    <Filter Include="gameNode">
      <UniqueIdentifier>{2a0be0e6-62fd-43de-a606-55b511847593}</UniqueIdentifier>
    </Filter>
    <Filter Include="singleton">
      <UniqueIdentifier>{87bf2d5b-3654-459b-adb0-5178817b9f2f}</UniqueIdentifier>
    </Filter>
    <Filter Include="mainGame">
      <UniqueIdentifier>{f28c5d41-82f0-4ccf-9c33-7c155409d006}</UniqueIdentifier>
    </Filter>
    <Filter Include="Manager">
      <UniqueIdentifier>{77fc1430-c839-4247-ae8d-f85644be1aa7}</UniqueIdentifier>
    </Filter>
    <Filter Include="UTIL">
      <UniqueIdentifier>{693a5e0e-cac8-4d85-bbd8-7c6f50294b06}</UniqueIdentifier>
    </Filter>
    <Filter Include="image">
      <UniqueIdentifier>{f246c95e-8530-4564-a361-9e48ca56eb83}</UniqueIdentifier>
    </Filter>
    <Filter Include="mainGame\airHockey">
      <UniqueIdentifier>{78d63421-0823-4e1d-b5a9-cbfabcb65627}</UniqueIdentifier>
    </Filter>
    <Filter Include="에너미">
      <UniqueIdentifier>{a6d27ce8-481e-4084-803c-ffd5af843f70}</UniqueIdentifier>
    </Filter>
    <Filter Include="프로그래스바">
      <UniqueIdentifier>{d5225c5f-1666-4c15-9ec4-0ea7e6fd7f2c}</UniqueIdentifier>
    </Filter>
    <Filter Include="타이머">
      <UniqueIdentifier>{f006de1a-89f1-41d0-adf9-539f574b22ab}</UniqueIdentifier>
    </Filter>
    <Filter Include="mainGame\플레이">
      <UniqueIdentifier>{41007116-0069-4fd8-8d25-70bb59f2a234}</UniqueIdentifier>
    </Filter>
    <Filter Include="mainGame\플레이\스테이지1">
      <UniqueIdentifier>{48ba1403-422c-4a7a-8d61-abf889c7569b}</UniqueIdentifier>
    </Filter>
    <Filter Include="mainGame\플레이\스테이지2">
      <UniqueIdentifier>{756d8343-20ea-4990-b875-0f6470feeb39}</UniqueIdentifier>
    </Filter>
  </ItemGroup>
  <ItemGroup>
    <ClInclude Include="framework.h">
      <Filter>헤더 파일</Filter>
    </ClInclude>
    <ClInclude Include="targetver.h">
      <Filter>헤더 파일</Filter>
    </ClInclude>
    <ClInclude Include="Resource.h">
      <Filter>헤더 파일</Filter>
    </ClInclude>
    <ClInclude Include="API_FrameWork.h">
      <Filter>헤더 파일</Filter>
    </ClInclude>
    <ClInclude Include="commonMacroFunction.h">
      <Filter>헤더 파일</Filter>
    </ClInclude>
    <ClInclude Include="singleton.h">
      <Filter>singleton</Filter>
    </ClInclude>
    <ClInclude Include="gameNode.h">
      <Filter>gameNode</Filter>
    </ClInclude>
    <ClInclude Include="mainGame.h">
      <Filter>mainGame</Filter>
    </ClInclude>
    <ClInclude Include="Input.h">
      <Filter>Manager</Filter>
    </ClInclude>
    <ClInclude Include="randomFunction.h">
      <Filter>헤더 파일</Filter>
    </ClInclude>
    <ClInclude Include="utils.h">
      <Filter>UTIL</Filter>
    </ClInclude>
    <ClInclude Include="image.h">
      <Filter>image</Filter>
    </ClInclude>
    <ClInclude Include="airHockey.h">
      <Filter>mainGame\airHockey</Filter>
    </ClInclude>
    <ClInclude Include="imageManager.h">
      <Filter>Manager</Filter>
    </ClInclude>
    <ClInclude Include="enemy.h">
      <Filter>에너미</Filter>
    </ClInclude>
    <ClInclude Include="enemyManager.h">
      <Filter>에너미</Filter>
    </ClInclude>
    <ClInclude Include="minion.h">
      <Filter>에너미</Filter>
    </ClInclude>
    <ClInclude Include="progressBar.h">
      <Filter>프로그래스바</Filter>
    </ClInclude>
    <ClInclude Include="timer.h">
      <Filter>타이머</Filter>
    </ClInclude>
    <ClInclude Include="timeManager.h">
      <Filter>Manager</Filter>
    </ClInclude>
    <ClInclude Include="minimap.h">
      <Filter>mainGame\플레이\스테이지1</Filter>
    </ClInclude>
    <ClInclude Include="stage2.h">
      <Filter>mainGame\플레이\스테이지2</Filter>
    </ClInclude>
  </ItemGroup>
  <ItemGroup>
    <ClCompile Include="API_FrameWork.cpp">
      <Filter>소스 파일</Filter>
    </ClCompile>
    <ClCompile Include="gameNode.cpp">
      <Filter>gameNode</Filter>
    </ClCompile>
    <ClCompile Include="mainGame.cpp">
      <Filter>mainGame</Filter>
    </ClCompile>
    <ClCompile Include="Input.cpp">
      <Filter>Manager</Filter>
    </ClCompile>
    <ClCompile Include="utils.cpp">
      <Filter>UTIL</Filter>
    </ClCompile>
    <ClCompile Include="image.cpp">
      <Filter>image</Filter>
    </ClCompile>
    <ClCompile Include="airHockey.cpp">
      <Filter>mainGame\airHockey</Filter>
    </ClCompile>
    <ClCompile Include="imageManager.cpp">
      <Filter>Manager</Filter>
    </ClCompile>
    <ClCompile Include="enemy.cpp">
      <Filter>에너미</Filter>
    </ClCompile>
    <ClCompile Include="enemyManager.cpp">
      <Filter>에너미</Filter>
    </ClCompile>
    <ClCompile Include="minion.cpp">
      <Filter>에너미</Filter>
    </ClCompile>
    <ClCompile Include="progressBar.cpp">
      <Filter>프로그래스바</Filter>
    </ClCompile>
    <ClCompile Include="timer.cpp">
      <Filter>타이머</Filter>
    </ClCompile>
    <ClCompile Include="timeManager.cpp">
      <Filter>Manager</Filter>
    </ClCompile>
    <ClCompile Include="minimap.cpp">
      <Filter>mainGame\플레이\스테이지1</Filter>
    </ClCompile>
    <ClCompile Include="stage2.cpp">
      <Filter>mainGame\플레이\스테이지2</Filter>
    </ClCompile>
  </ItemGroup>
  <ItemGroup>
    <ResourceCompile Include="API_FrameWork.rc">
      <Filter>리소스 파일</Filter>
    </ResourceCompile>
  </ItemGroup>
  <ItemGroup>
    <Image Include="small.ico">
      <Filter>리소스 파일</Filter>
    </Image>
    <Image Include="API_FrameWork.ico">
      <Filter>리소스 파일</Filter>
    </Image>
  </ItemGroup>
</Project>